<?xml version="1.0" encoding="utf-8"?>
<Project ToolsVersion="4.0" xmlns="http://schemas.microsoft.com/developer/msbuild/2003">
  <ItemGroup>
    <Filter Include="源文件">
      <UniqueIdentifier>{4FC737F1-C7A5-4376-A066-2A32D752A2FF}</UniqueIdentifier>
      <Extensions>cpp;c;cc;cxx;def;odl;idl;hpj;bat;asm;asmx</Extensions>
    </Filter>
    <Filter Include="头文件">
      <UniqueIdentifier>{93995380-89BD-4b04-88EB-625FBE52EBFB}</UniqueIdentifier>
      <Extensions>h;hh;hpp;hxx;hm;inl;inc;xsd</Extensions>
    </Filter>
    <Filter Include="资源文件">
      <UniqueIdentifier>{67DA6AB6-F800-4c08-8B7A-83BB121AAD01}</UniqueIdentifier>
      <Extensions>rc;ico;cur;bmp;dlg;rc2;rct;bin;rgs;gif;jpg;jpeg;jpe;resx;tiff;tif;png;wav;mfcribbon-ms</Extensions>
    </Filter>
  </ItemGroup>
  <ItemGroup>
    <Text Include="ReadMe.txt" />
  </ItemGroup>
  <ItemGroup>
    <ClInclude Include="SalesSystem.h">
      <Filter>头文件</Filter>
    </ClInclude>
    <ClInclude Include="stdafx.h">
      <Filter>头文件</Filter>
    </ClInclude>
    <ClInclude Include="targetver.h">
      <Filter>头文件</Filter>
    </ClInclude>
    <ClInclude Include="MainFrm.h">
      <Filter>头文件</Filter>
    </ClInclude>
    <ClInclude Include="SalesSystemDoc.h">
      <Filter>头文件</Filter>
    </ClInclude>
    <ClInclude Include="SalesSystemView.h">
      <Filter>头文件</Filter>
    </ClInclude>
    <ClInclude Include="Resource.h">
      <Filter>头文件</Filter>
    </ClInclude>
    <ClInclude Include="InfoFile.h">
      <Filter>头文件</Filter>
    </ClInclude>
    <ClInclude Include="LoginDlg.h">
      <Filter>头文件</Filter>
    </ClInclude>
    <ClInclude Include="SelectView.h">
      <Filter>头文件</Filter>
    </ClInclude>
    <ClInclude Include="DisplayView.h">
      <Filter>头文件</Filter>
    </ClInclude>
    <ClInclude Include="UesrDlg.h">
      <Filter>头文件</Filter>
    </ClInclude>
    <ClInclude Include="SellDlg.h">
      <Filter>头文件</Filter>
    </ClInclude>
    <ClInclude Include="InfoDlg.h">
      <Filter>头文件</Filter>
    </ClInclude>
    <ClInclude Include="AddDlg.h">
      <Filter>头文件</Filter>
    </ClInclude>
  </ItemGroup>
  <ItemGroup>
    <ClCompile Include="SalesSystem.cpp">
      <Filter>源文件</Filter>
    </ClCompile>
    <ClCompile Include="stdafx.cpp">
      <Filter>源文件</Filter>
    </ClCompile>
    <ClCompile Include="MainFrm.cpp">
      <Filter>源文件</Filter>
    </ClCompile>
    <ClCompile Include="SalesSystemDoc.cpp">
      <Filter>源文件</Filter>
    </ClCompile>
    <ClCompile Include="SalesSystemView.cpp">
      <Filter>源文件</Filter>
    </ClCompile>
    <ClCompile Include="InfoFile.cpp">
      <Filter>源文件</Filter>
    </ClCompile>
    <ClCompile Include="LoginDlg.cpp">
      <Filter>源文件</Filter>
    </ClCompile>
    <ClCompile Include="SelectView.cpp">
      <Filter>源文件</Filter>
    </ClCompile>
    <ClCompile Include="DisplayView.cpp">
      <Filter>源文件</Filter>
    </ClCompile>
    <ClCompile Include="UesrDlg.cpp">
      <Filter>源文件</Filter>
    </ClCompile>
    <ClCompile Include="SellDlg.cpp">
      <Filter>源文件</Filter>
    </ClCompile>
    <ClCompile Include="InfoDlg.cpp">
      <Filter>源文件</Filter>
    </ClCompile>
    <ClCompile Include="AddDlg.cpp">
      <Filter>源文件</Filter>
    </ClCompile>
  </ItemGroup>
  <ItemGroup>
    <ResourceCompile Include="SalesSystem.rc">
      <Filter>资源文件</Filter>
    </ResourceCompile>
  </ItemGroup>
  <ItemGroup>
    <None Include="res\SalesSystem.rc2">
      <Filter>资源文件</Filter>
    </None>
  </ItemGroup>
  <ItemGroup>
    <Image Include="res\SalesSystemDoc.ico">
      <Filter>资源文件</Filter>
    </Image>
    <Image Include="res\SalesSystem.ico">
      <Filter>资源文件</Filter>
    </Image>
    <Image Include="res\edit.ico">
      <Filter>资源文件</Filter>
    </Image>
    <Image Include="res\user.ico">
      <Filter>资源文件</Filter>
    </Image>
  </ItemGroup>
</Project>